
Microsoft Visual Studio Solution File, Format Version 12.00
# Visual Studio Version 17
VisualStudioVersion = 17.7.34202.233
MinimumVisualStudioVersion = 10.0.40219.1
Project("{FAE04EC0-301F-11D3-BF4B-00C04F79EFBC}") = "BMI", "BMI\BMI.csproj", "{EF2A24FC-90FF-4ACA-9565-D947BC51C5AA}"
EndProject
Global
	GlobalSection(SolutionConfigurationPlatforms) = preSolution
		Debug|Any CPU = Debug|Any CPU
		Release|Any CPU = Release|Any CPU
	EndGlobalSection
	GlobalSection(ProjectConfigurationPlatforms) = postSolution
		{EF2A24FC-90FF-4ACA-9565-D947BC51C5AA}.Debug|Any CPU.ActiveCfg = Debug|Any CPU
		{EF2A24FC-90FF-4ACA-9565-D947BC51C5AA}.Debug|Any CPU.Build.0 = Debug|Any CPU
		{EF2A24FC-90FF-4ACA-9565-D947BC51C5AA}.Release|Any CPU.ActiveCfg = Release|Any CPU
		{EF2A24FC-90FF-4ACA-9565-D947BC51C5AA}.Release|Any CPU.Build.0 = Release|Any CPU
	EndGlobalSection
	GlobalSection(SolutionProperties) = preSolution
		HideSolutionNode = FALSE
	EndGlobalSection
	GlobalSection(ExtensibilityGlobals) = postSolution
		SolutionGuid = {2158A37D-D0AA-4A07-B653-D4634925E7BA}
	EndGlobalSection
EndGlobal
